
Microsoft Visual Studio Solution File, Format Version 12.00
# Visual Studio Version 16
VisualStudioVersion = 16.0.810.17
MinimumVisualStudioVersion = 10.0.40219.1
Project("{FAE04EC0-301F-11D3-BF4B-00C04F79EFBC}") = "Teamway.PersonalityTest.WebApp", "Teamway.PersonalityTest.WebApp\Teamway.PersonalityTest.WebApp.csproj", "{4C7FB874-F933-4AA1-94C0-5C3E1DCDF7B7}"
EndProject
Project("{FAE04EC0-301F-11D3-BF4B-00C04F79EFBC}") = "Teamway.PersonalityTest.TestApp", "Teamway.PersonalityTest.TestApp\Teamway.PersonalityTest.TestApp.csproj", "{875D4303-F43A-4186-A753-1107CE376B26}"
EndProject
Global
	GlobalSection(SolutionConfigurationPlatforms) = preSolution
		Debug|Any CPU = Debug|Any CPU
		Release|Any CPU = Release|Any CPU
	EndGlobalSection
	GlobalSection(ProjectConfigurationPlatforms) = postSolution
		{4C7FB874-F933-4AA1-94C0-5C3E1DCDF7B7}.Debug|Any CPU.ActiveCfg = Debug|Any CPU
		{4C7FB874-F933-4AA1-94C0-5C3E1DCDF7B7}.Debug|Any CPU.Build.0 = Debug|Any CPU
		{4C7FB874-F933-4AA1-94C0-5C3E1DCDF7B7}.Release|Any CPU.ActiveCfg = Release|Any CPU
		{4C7FB874-F933-4AA1-94C0-5C3E1DCDF7B7}.Release|Any CPU.Build.0 = Release|Any CPU
		{875D4303-F43A-4186-A753-1107CE376B26}.Debug|Any CPU.ActiveCfg = Debug|Any CPU
		{875D4303-F43A-4186-A753-1107CE376B26}.Debug|Any CPU.Build.0 = Debug|Any CPU
		{875D4303-F43A-4186-A753-1107CE376B26}.Release|Any CPU.ActiveCfg = Release|Any CPU
		{875D4303-F43A-4186-A753-1107CE376B26}.Release|Any CPU.Build.0 = Release|Any CPU
	EndGlobalSection
	GlobalSection(SolutionProperties) = preSolution
		HideSolutionNode = FALSE
	EndGlobalSection
	GlobalSection(ExtensibilityGlobals) = postSolution
		SolutionGuid = {F11D1B6F-F0F0-47E1-89B7-6A6C727C5BCC}
	EndGlobalSection
EndGlobal
